// !$*UTF8*$!
{
	archiveVersion = 1;
	classes = {
	};
	objectVersion = 50;
	objects = {

/* Begin PBXBuildFile section */
		2C95D419233BE8ED004595B7 /* AppDelegate.swift in Sources */ = {isa = PBXBuildFile; fileRef = 2C95D418233BE8ED004595B7 /* AppDelegate.swift */; };
		2C95D41B233BE8ED004595B7 /* SceneDelegate.swift in Sources */ = {isa = PBXBuildFile; fileRef = 2C95D41A233BE8ED004595B7 /* SceneDelegate.swift */; };
		2C95D41D233BE8ED004595B7 /* ViewController.swift in Sources */ = {isa = PBXBuildFile; fileRef = 2C95D41C233BE8ED004595B7 /* ViewController.swift */; };
		2C95D420233BE8ED004595B7 /* Main.storyboard in Resources */ = {isa = PBXBuildFile; fileRef = 2C95D41E233BE8ED004595B7 /* Main.storyboard */; };
		2C95D422233BE8EE004595B7 /* Assets.xcassets in Resources */ = {isa = PBXBuildFile; fileRef = 2C95D421233BE8EE004595B7 /* Assets.xcassets */; };
		2C95D425233BE8EE004595B7 /* LaunchScreen.storyboard in Resources */ = {isa = PBXBuildFile; fileRef = 2C95D423233BE8EE004595B7 /* LaunchScreen.storyboard */; };
		2C95D430233BE8EE004595B7 /* IUE_Worksheet2Tests.swift in Sources */ = {isa = PBXBuildFile; fileRef = 2C95D42F233BE8EE004595B7 /* IUE_Worksheet2Tests.swift */; };
		2C95D43B233BE8EF004595B7 /* IUE_Worksheet2UITests.swift in Sources */ = {isa = PBXBuildFile; fileRef = 2C95D43A233BE8EF004595B7 /* IUE_Worksheet2UITests.swift */; };
/* End PBXBuildFile section */

/* Begin PBXContainerItemProxy section */
		2C95D42C233BE8EE004595B7 /* PBXContainerItemProxy */ = {
			isa = PBXContainerItemProxy;
			containerPortal = 2C95D40D233BE8ED004595B7 /* Project object */;
			proxyType = 1;
			remoteGlobalIDString = 2C95D414233BE8ED004595B7;
			remoteInfo = "IUE-Worksheet2";
		};
		2C95D437233BE8EF004595B7 /* PBXContainerItemProxy */ = {
			isa = PBXContainerItemProxy;
			containerPortal = 2C95D40D233BE8ED004595B7 /* Project object */;
			proxyType = 1;
			remoteGlobalIDString = 2C95D414233BE8ED004595B7;
			remoteInfo = "IUE-Worksheet2";
		};
/* End PBXContainerItemProxy section */

/* Begin PBXFileReference section */
		2C95D415233BE8ED004595B7 /* IUE-Worksheet2.app */ = {isa = PBXFileReference; explicitFileType = wrapper.application; includeInIndex = 0; path = "IUE-Worksheet2.app"; sourceTree = BUILT_PRODUCTS_DIR; };
		2C95D418233BE8ED004595B7 /* AppDelegate.swift */ = {isa = PBXFileReference; lastKnownFileType = sourcecode.swift; path = AppDelegate.swift; sourceTree = "<group>"; };
		2C95D41A233BE8ED004595B7 /* SceneDelegate.swift */ = {isa = PBXFileReference; lastKnownFileType = sourcecode.swift; path = SceneDelegate.swift; sourceTree = "<group>"; };
		2C95D41C233BE8ED004595B7 /* ViewController.swift */ = {isa = PBXFileReference; lastKnownFileType = sourcecode.swift; path = ViewController.swift; sourceTree = "<group>"; };
		2C95D41F233BE8ED004595B7 /* Base */ = {isa = PBXFileReference; lastKnownFileType = file.storyboard; name = Base; path = Base.lproj/Main.storyboard; sourceTree = "<group>"; };
		2C95D421233BE8EE004595B7 /* Assets.xcassets */ = {isa = PBXFileReference; lastKnownFileType = folder.assetcatalog; path = Assets.xcassets; sourceTree = "<group>"; };
		2C95D424233BE8EE004595B7 /* Base */ = {isa = PBXFileReference; lastKnownFileType = file.storyboard; name = Base; path = Base.lproj/LaunchScreen.storyboard; sourceTree = "<group>"; };
		2C95D426233BE8EE004595B7 /* Info.plist */ = {isa = PBXFileReference; lastKnownFileType = text.plist.xml; path = Info.plist; sourceTree = "<group>"; };
		2C95D42B233BE8EE004595B7 /* IUE-Worksheet2Tests.xctest */ = {isa = PBXFileReference; explicitFileType = wrapper.cfbundle; includeInIndex = 0; path = "IUE-Worksheet2Tests.xctest"; sourceTree = BUILT_PRODUCTS_DIR; };
		2C95D42F233BE8EE004595B7 /* IUE_Worksheet2Tests.swift */ = {isa = PBXFileReference; lastKnownFileType = sourcecode.swift; path = IUE_Worksheet2Tests.swift; sourceTree = "<group>"; };
		2C95D431233BE8EE004595B7 /* Info.plist */ = {isa = PBXFileReference; lastKnownFileType = text.plist.xml; path = Info.plist; sourceTree = "<group>"; };
		2C95D436233BE8EF004595B7 /* IUE-Worksheet2UITests.xctest */ = {isa = PBXFileReference; explicitFileType = wrapper.cfbundle; includeInIndex = 0; path = "IUE-Worksheet2UITests.xctest"; sourceTree = BUILT_PRODUCTS_DIR; };
		2C95D43A233BE8EF004595B7 /* IUE_Worksheet2UITests.swift */ = {isa = PBXFileReference; lastKnownFileType = sourcecode.swift; path = IUE_Worksheet2UITests.swift; sourceTree = "<group>"; };
		2C95D43C233BE8EF004595B7 /* Info.plist */ = {isa = PBXFileReference; lastKnownFileType = text.plist.xml; path = Info.plist; sourceTree = "<group>"; };
/* End PBXFileReference section */

/* Begin PBXFrameworksBuildPhase section */
		2C95D412233BE8ED004595B7 /* Frameworks */ = {
			isa = PBXFrameworksBuildPhase;
			buildActionMask = 2147483647;
			files = (
			);
			runOnlyForDeploymentPostprocessing = 0;
		};
		2C95D428233BE8EE004595B7 /* Frameworks */ = {
			isa = PBXFrameworksBuildPhase;
			buildActionMask = 2147483647;
			files = (
			);
			runOnlyForDeploymentPostprocessing = 0;
		};
		2C95D433233BE8EE004595B7 /* Frameworks */ = {
			isa = PBXFrameworksBuildPhase;
			buildActionMask = 2147483647;
			files = (
			);
			runOnlyForDeploymentPostprocessing = 0;
		};
/* End PBXFrameworksBuildPhase section */

/* Begin PBXGroup section */
		2C95D40C233BE8ED004595B7 = {
			isa = PBXGroup;
			children = (
				2C95D417233BE8ED004595B7 /* IUE-Worksheet2 */,
				2C95D42E233BE8EE004595B7 /* IUE-Worksheet2Tests */,
				2C95D439233BE8EF004595B7 /* IUE-Worksheet2UITests */,
				2C95D416233BE8ED004595B7 /* Products */,
			);
			sourceTree = "<group>";
		};
		2C95D416233BE8ED004595B7 /* Products */ = {
			isa = PBXGroup;
			children = (
				2C95D415233BE8ED004595B7 /* IUE-Worksheet2.app */,
				2C95D42B233BE8EE004595B7 /* IUE-Worksheet2Tests.xctest */,
				2C95D436233BE8EF004595B7 /* IUE-Worksheet2UITests.xctest */,
			);
			name = Products;
			sourceTree = "<group>";
		};
		2C95D417233BE8ED004595B7 /* IUE-Worksheet2 */ = {
			isa = PBXGroup;
			children = (
				2C95D418233BE8ED004595B7 /* AppDelegate.swift */,
				2C95D41A233BE8ED004595B7 /* SceneDelegate.swift */,
				2C95D41C233BE8ED004595B7 /* ViewController.swift */,
				2C95D41E233BE8ED004595B7 /* Main.storyboard */,
				2C95D421233BE8EE004595B7 /* Assets.xcassets */,
				2C95D423233BE8EE004595B7 /* LaunchScreen.storyboard */,
				2C95D426233BE8EE004595B7 /* Info.plist */,
			);
			path = "IUE-Worksheet2";
			sourceTree = "<group>";
		};
		2C95D42E233BE8EE004595B7 /* IUE-Worksheet2Tests */ = {
			isa = PBXGroup;
			children = (
				2C95D42F233BE8EE004595B7 /* IUE_Worksheet2Tests.swift */,
				2C95D431233BE8EE004595B7 /* Info.plist */,
			);
			path = "IUE-Worksheet2Tests";
			sourceTree = "<group>";
		};
		2C95D439233BE8EF004595B7 /* IUE-Worksheet2UITests */ = {
			isa = PBXGroup;
			children = (
				2C95D43A233BE8EF004595B7 /* IUE_Worksheet2UITests.swift */,
				2C95D43C233BE8EF004595B7 /* Info.plist */,
			);
			path = "IUE-Worksheet2UITests";
			sourceTree = "<group>";
		};
/* End PBXGroup section */

/* Begin PBXNativeTarget section */
		2C95D414233BE8ED004595B7 /* IUE-Worksheet2 */ = {
			isa = PBXNativeTarget;
			buildConfigurationList = 2C95D43F233BE8EF004595B7 /* Build configuration list for PBXNativeTarget "IUE-Worksheet2" */;
			buildPhases = (
				2C95D411233BE8ED004595B7 /* Sources */,
				2C95D412233BE8ED004595B7 /* Frameworks */,
				2C95D413233BE8ED004595B7 /* Resources */,
			);
			buildRules = (
			);
			dependencies = (
			);
			name = "IUE-Worksheet2";
			productName = "IUE-Worksheet2";
			productReference = 2C95D415233BE8ED004595B7 /* IUE-Worksheet2.app */;
			productType = "com.apple.product-type.application";
		};
		2C95D42A233BE8EE004595B7 /* IUE-Worksheet2Tests */ = {
			isa = PBXNativeTarget;
			buildConfigurationList = 2C95D442233BE8EF004595B7 /* Build configuration list for PBXNativeTarget "IUE-Worksheet2Tests" */;
			buildPhases = (
				2C95D427233BE8EE004595B7 /* Sources */,
				2C95D428233BE8EE004595B7 /* Frameworks */,
				2C95D429233BE8EE004595B7 /* Resources */,
			);
			buildRules = (
			);
			dependencies = (
				2C95D42D233BE8EE004595B7 /* PBXTargetDependency */,
			);
			name = "IUE-Worksheet2Tests";
			productName = "IUE-Worksheet2Tests";
			productReference = 2C95D42B233BE8EE004595B7 /* IUE-Worksheet2Tests.xctest */;
			productType = "com.apple.product-type.bundle.unit-test";
		};
		2C95D435233BE8EE004595B7 /* IUE-Worksheet2UITests */ = {
			isa = PBXNativeTarget;
			buildConfigurationList = 2C95D445233BE8EF004595B7 /* Build configuration list for PBXNativeTarget "IUE-Worksheet2UITests" */;
			buildPhases = (
				2C95D432233BE8EE004595B7 /* Sources */,
				2C95D433233BE8EE004595B7 /* Frameworks */,
				2C95D434233BE8EE004595B7 /* Resources */,
			);
			buildRules = (
			);
			dependencies = (
				2C95D438233BE8EF004595B7 /* PBXTargetDependency */,
			);
			name = "IUE-Worksheet2UITests";
			productName = "IUE-Worksheet2UITests";
			productReference = 2C95D436233BE8EF004595B7 /* IUE-Worksheet2UITests.xctest */;
			productType = "com.apple.product-type.bundle.ui-testing";
		};
/* End PBXNativeTarget section */

/* Begin PBXProject section */
		2C95D40D233BE8ED004595B7 /* Project object */ = {
			isa = PBXProject;
			attributes = {
				LastSwiftUpdateCheck = 1100;
				LastUpgradeCheck = 1100;
				ORGANIZATIONNAME = formando;
				TargetAttributes = {
					2C95D414233BE8ED004595B7 = {
						CreatedOnToolsVersion = 11.0;
					};
					2C95D42A233BE8EE004595B7 = {
						CreatedOnToolsVersion = 11.0;
						TestTargetID = 2C95D414233BE8ED004595B7;
					};
					2C95D435233BE8EE004595B7 = {
						CreatedOnToolsVersion = 11.0;
						TestTargetID = 2C95D414233BE8ED004595B7;
					};
				};
			};
			buildConfigurationList = 2C95D410233BE8ED004595B7 /* Build configuration list for PBXProject "IUE-Worksheet2" */;
			compatibilityVersion = "Xcode 9.3";
			developmentRegion = en;
			hasScannedForEncodings = 0;
			knownRegions = (
				en,
				Base,
			);
			mainGroup = 2C95D40C233BE8ED004595B7;
			productRefGroup = 2C95D416233BE8ED004595B7 /* Products */;
			projectDirPath = "";
			projectRoot = "";
			targets = (
				2C95D414233BE8ED004595B7 /* IUE-Worksheet2 */,
				2C95D42A233BE8EE004595B7 /* IUE-Worksheet2Tests */,
				2C95D435233BE8EE004595B7 /* IUE-Worksheet2UITests */,
			);
		};
/* End PBXProject section */

/* Begin PBXResourcesBuildPhase section */
		2C95D413233BE8ED004595B7 /* Resources */ = {
			isa = PBXResourcesBuildPhase;
			buildActionMask = 2147483647;
			files = (
				2C95D425233BE8EE004595B7 /* LaunchScreen.storyboard in Resources */,
				2C95D422233BE8EE004595B7 /* Assets.xcassets in Resources */,
				2C95D420233BE8ED004595B7 /* Main.storyboard in Resources */,
			);
			runOnlyForDeploymentPostprocessing = 0;
		};
		2C95D429233BE8EE004595B7 /* Resources */ = {
			isa = PBXResourcesBuildPhase;
			buildActionMask = 2147483647;
			files = (
			);
			runOnlyForDeploymentPostprocessing = 0;
		};
		2C95D434233BE8EE004595B7 /* Resources */ = {
			isa = PBXResourcesBuildPhase;
			buildActionMask = 2147483647;
			files = (
			);
			runOnlyForDeploymentPostprocessing = 0;
		};
/* End PBXResourcesBuildPhase section */

/* Begin PBXSourcesBuildPhase section */
		2C95D411233BE8ED004595B7 /* Sources */ = {
			isa = PBXSourcesBuildPhase;
			buildActionMask = 2147483647;
			files = (
				2C95D41D233BE8ED004595B7 /* ViewController.swift in Sources */,
				2C95D419233BE8ED004595B7 /* AppDelegate.swift in Sources */,
				2C95D41B233BE8ED004595B7 /* SceneDelegate.swift in Sources */,
			);
			runOnlyForDeploymentPostprocessing = 0;
		};
		2C95D427233BE8EE004595B7 /* Sources */ = {
			isa = PBXSourcesBuildPhase;
			buildActionMask = 2147483647;
			files = (
				2C95D430233BE8EE004595B7 /* IUE_Worksheet2Tests.swift in Sources */,
			);
			runOnlyForDeploymentPostprocessing = 0;
		};
		2C95D432233BE8EE004595B7 /* Sources */ = {
			isa = PBXSourcesBuildPhase;
			buildActionMask = 2147483647;
			files = (
				2C95D43B233BE8EF004595B7 /* IUE_Worksheet2UITests.swift in Sources */,
			);
			runOnlyForDeploymentPostprocessing = 0;
		};
/* End PBXSourcesBuildPhase section */

/* Begin PBXTargetDependency section */
		2C95D42D233BE8EE004595B7 /* PBXTargetDependency */ = {
			isa = PBXTargetDependency;
			target = 2C95D414233BE8ED004595B7 /* IUE-Worksheet2 */;
			targetProxy = 2C95D42C233BE8EE004595B7 /* PBXContainerItemProxy */;
		};
		2C95D438233BE8EF004595B7 /* PBXTargetDependency */ = {
			isa = PBXTargetDependency;
			target = 2C95D414233BE8ED004595B7 /* IUE-Worksheet2 */;
			targetProxy = 2C95D437233BE8EF004595B7 /* PBXContainerItemProxy */;
		};
/* End PBXTargetDependency section */

/* Begin PBXVariantGroup section */
		2C95D41E233BE8ED004595B7 /* Main.storyboard */ = {
			isa = PBXVariantGroup;
			children = (
				2C95D41F233BE8ED004595B7 /* Base */,
			);
			name = Main.storyboard;
			sourceTree = "<group>";
		};
		2C95D423233BE8EE004595B7 /* LaunchScreen.storyboard */ = {
			isa = PBXVariantGroup;
			children = (
				2C95D424233BE8EE004595B7 /* Base */,
			);
			name = LaunchScreen.storyboard;
			sourceTree = "<group>";
		};
/* End PBXVariantGroup section */

/* Begin XCBuildConfiguration section */
		2C95D43D233BE8EF004595B7 /* Debug */ = {
			isa = XCBuildConfiguration;
			buildSettings = {
				ALWAYS_SEARCH_USER_PATHS = NO;
				CLANG_ANALYZER_NONNULL = YES;
				CLANG_ANALYZER_NUMBER_OBJECT_CONVERSION = YES_AGGRESSIVE;
				CLANG_CXX_LANGUAGE_STANDARD = "gnu++14";
				CLANG_CXX_LIBRARY = "libc++";
				CLANG_ENABLE_MODULES = YES;
				CLANG_ENABLE_OBJC_ARC = YES;
				CLANG_ENABLE_OBJC_WEAK = YES;
				CLANG_WARN_BLOCK_CAPTURE_AUTORELEASING = YES;
				CLANG_WARN_BOOL_CONVERSION = YES;
				CLANG_WARN_COMMA = YES;
				CLANG_WARN_CONSTANT_CONVERSION = YES;
				CLANG_WARN_DEPRECATED_OBJC_IMPLEMENTATIONS = YES;
				CLANG_WARN_DIRECT_OBJC_ISA_USAGE = YES_ERROR;
				CLANG_WARN_DOCUMENTATION_COMMENTS = YES;
				CLANG_WARN_EMPTY_BODY = YES;
				CLANG_WARN_ENUM_CONVERSION = YES;
				CLANG_WARN_INFINITE_RECURSION = YES;
				CLANG_WARN_INT_CONVERSION = YES;
				CLANG_WARN_NON_LITERAL_NULL_CONVERSION = YES;
				CLANG_WARN_OBJC_IMPLICIT_RETAIN_SELF = YES;
				CLANG_WARN_OBJC_LITERAL_CONVERSION = YES;
				CLANG_WARN_OBJC_ROOT_CLASS = YES_ERROR;
				CLANG_WARN_RANGE_LOOP_ANALYSIS = YES;
				CLANG_WARN_STRICT_PROTOTYPES = YES;
				CLANG_WARN_SUSPICIOUS_MOVE = YES;
				CLANG_WARN_UNGUARDED_AVAILABILITY = YES_AGGRESSIVE;
				CLANG_WARN_UNREACHABLE_CODE = YES;
				CLANG_WARN__DUPLICATE_METHOD_MATCH = YES;
				COPY_PHASE_STRIP = NO;
				DEBUG_INFORMATION_FORMAT = dwarf;
				ENABLE_STRICT_OBJC_MSGSEND = YES;
				ENABLE_TESTABILITY = YES;
				GCC_C_LANGUAGE_STANDARD = gnu11;
				GCC_DYNAMIC_NO_PIC = NO;
				GCC_NO_COMMON_BLOCKS = YES;
				GCC_OPTIMIZATION_LEVEL = 0;
				GCC_PREPROCESSOR_DEFINITIONS = (
					"DEBUG=1",
					"$(inherited)",
				);
				GCC_WARN_64_TO_32_BIT_CONVERSION = YES;
				GCC_WARN_ABOUT_RETURN_TYPE = YES_ERROR;
				GCC_WARN_UNDECLARED_SELECTOR = YES;
				GCC_WARN_UNINITIALIZED_AUTOS = YES_AGGRESSIVE;
				GCC_WARN_UNUSED_FUNCTION = YES;
				GCC_WARN_UNUSED_VARIABLE = YES;
				IPHONEOS_DEPLOYMENT_TARGET = 13.0;
				MTL_ENABLE_DEBUG_INFO = INCLUDE_SOURCE;
				MTL_FAST_MATH = YES;
				ONLY_ACTIVE_ARCH = YES;
				SDKROOT = iphoneos;
				SWIFT_ACTIVE_COMPILATION_CONDITIONS = DEBUG;
				SWIFT_OPTIMIZATION_LEVEL = "-Onone";
			};
			name = Debug;
		};
		2C95D43E233BE8EF004595B7 /* Release */ = {
			isa = XCBuildConfiguration;
			buildSettings = {
				ALWAYS_SEARCH_USER_PATHS = NO;
				CLANG_ANALYZER_NONNULL = YES;
				CLANG_ANALYZER_NUMBER_OBJECT_CONVERSION = YES_AGGRESSIVE;
				CLANG_CXX_LANGUAGE_STANDARD = "gnu++14";
				CLANG_CXX_LIBRARY = "libc++";
				CLANG_ENABLE_MODULES = YES;
				CLANG_ENABLE_OBJC_ARC = YES;
				CLANG_ENABLE_OBJC_WEAK = YES;
				CLANG_WARN_BLOCK_CAPTURE_AUTORELEASING = YES;
				CLANG_WARN_BOOL_CONVERSION = YES;
				CLANG_WARN_COMMA = YES;
				CLANG_WARN_CONSTANT_CONVERSION = YES;
				CLANG_WARN_DEPRECATED_OBJC_IMPLEMENTATIONS = YES;
				CLANG_WARN_DIRECT_OBJC_ISA_USAGE = YES_ERROR;
				CLANG_WARN_DOCUMENTATION_COMMENTS = YES;
				CLANG_WARN_EMPTY_BODY = YES;
				CLANG_WARN_ENUM_CONVERSION = YES;
				CLANG_WARN_INFINITE_RECURSION = YES;
				CLANG_WARN_INT_CONVERSION = YES;
				CLANG_WARN_NON_LITERAL_NULL_CONVERSION = YES;
				CLANG_WARN_OBJC_IMPLICIT_RETAIN_SELF = YES;
				CLANG_WARN_OBJC_LITERAL_CONVERSION = YES;
				CLANG_WARN_OBJC_ROOT_CLASS = YES_ERROR;
				CLANG_WARN_RANGE_LOOP_ANALYSIS = YES;
				CLANG_WARN_STRICT_PROTOTYPES = YES;
				CLANG_WARN_SUSPICIOUS_MOVE = YES;
				CLANG_WARN_UNGUARDED_AVAILABILITY = YES_AGGRESSIVE;
				CLANG_WARN_UNREACHABLE_CODE = YES;
				CLANG_WARN__DUPLICATE_METHOD_MATCH = YES;
				COPY_PHASE_STRIP = NO;
				DEBUG_INFORMATION_FORMAT = "dwarf-with-dsym";
				ENABLE_NS_ASSERTIONS = NO;
				ENABLE_STRICT_OBJC_MSGSEND = YES;
				GCC_C_LANGUAGE_STANDARD = gnu11;
				GCC_NO_COMMON_BLOCKS = YES;
				GCC_WARN_64_TO_32_BIT_CONVERSION = YES;
				GCC_WARN_ABOUT_RETURN_TYPE = YES_ERROR;
				GCC_WARN_UNDECLARED_SELECTOR = YES;
				GCC_WARN_UNINITIALIZED_AUTOS = YES_AGGRESSIVE;
				GCC_WARN_UNUSED_FUNCTION = YES;
				GCC_WARN_UNUSED_VARIABLE = YES;
				IPHONEOS_DEPLOYMENT_TARGET = 13.0;
				MTL_ENABLE_DEBUG_INFO = NO;
				MTL_FAST_MATH = YES;
				SDKROOT = iphoneos;
				SWIFT_COMPILATION_MODE = wholemodule;
				SWIFT_OPTIMIZATION_LEVEL = "-O";
				VALIDATE_PRODUCT = YES;
			};
			name = Release;
		};
		2C95D440233BE8EF004595B7 /* Debug */ = {
			isa = XCBuildConfiguration;
			buildSettings = {
				ASSETCATALOG_COMPILER_APPICON_NAME = AppIcon;
				CODE_SIGN_STYLE = Automatic;
				INFOPLIST_FILE = "IUE-Worksheet2/Info.plist";
				LD_RUNPATH_SEARCH_PATHS = (
					"$(inherited)",
					"@executable_path/Frameworks",
				);
				PRODUCT_BUNDLE_IDENTIFIER = "IUE-Worksheet2.IUE-Worksheet2";
				PRODUCT_NAME = "$(TARGET_NAME)";
				SWIFT_VERSION = 5.0;
				TARGETED_DEVICE_FAMILY = "1,2";
			};
			name = Debug;
		};
		2C95D441233BE8EF004595B7 /* Release */ = {
			isa = XCBuildConfiguration;
			buildSettings = {
				ASSETCATALOG_COMPILER_APPICON_NAME = AppIcon;
				CODE_SIGN_STYLE = Automatic;
				INFOPLIST_FILE = "IUE-Worksheet2/Info.plist";
				LD_RUNPATH_SEARCH_PATHS = (
					"$(inherited)",
					"@executable_path/Frameworks",
				);
				PRODUCT_BUNDLE_IDENTIFIER = "IUE-Worksheet2.IUE-Worksheet2";
				PRODUCT_NAME = "$(TARGET_NAME)";
				SWIFT_VERSION = 5.0;
				TARGETED_DEVICE_FAMILY = "1,2";
			};
			name = Release;
		};
		2C95D443233BE8EF004595B7 /* Debug */ = {
			isa = XCBuildConfiguration;
			buildSettings = {
				ALWAYS_EMBED_SWIFT_STANDARD_LIBRARIES = YES;
				BUNDLE_LOADER = "$(TEST_HOST)";
				CODE_SIGN_STYLE = Automatic;
				INFOPLIST_FILE = "IUE-Worksheet2Tests/Info.plist";
				IPHONEOS_DEPLOYMENT_TARGET = 13.0;
				LD_RUNPATH_SEARCH_PATHS = (
					"$(inherited)",
					"@executable_path/Frameworks",
					"@loader_path/Frameworks",
				);
				PRODUCT_BUNDLE_IDENTIFIER = "IUE-Worksheet2.IUE-Worksheet2Tests";
				PRODUCT_NAME = "$(TARGET_NAME)";
				SWIFT_VERSION = 5.0;
				TARGETED_DEVICE_FAMILY = "1,2";
				TEST_HOST = "$(BUILT_PRODUCTS_DIR)/IUE-Worksheet2.app/IUE-Worksheet2";
			};
			name = Debug;
		};
		2C95D444233BE8EF004595B7 /* Release */ = {
			isa = XCBuildConfiguration;
			buildSettings = {
				ALWAYS_EMBED_SWIFT_STANDARD_LIBRARIES = YES;
				BUNDLE_LOADER = "$(TEST_HOST)";
				CODE_SIGN_STYLE = Automatic;
				INFOPLIST_FILE = "IUE-Worksheet2Tests/Info.plist";
				IPHONEOS_DEPLOYMENT_TARGET = 13.0;
				LD_RUNPATH_SEARCH_PATHS = (
					"$(inherited)",
					"@executable_path/Frameworks",
					"@loader_path/Frameworks",
				);
				PRODUCT_BUNDLE_IDENTIFIER = "IUE-Worksheet2.IUE-Worksheet2Tests";
				PRODUCT_NAME = "$(TARGET_NAME)";
				SWIFT_VERSION = 5.0;
				TARGETED_DEVICE_FAMILY = "1,2";
				TEST_HOST = "$(BUILT_PRODUCTS_DIR)/IUE-Worksheet2.app/IUE-Worksheet2";
			};
			name = Release;
		};
		2C95D446233BE8EF004595B7 /* Debug */ = {
			isa = XCBuildConfiguration;
			buildSettings = {
				ALWAYS_EMBED_SWIFT_STANDARD_LIBRARIES = YES;
				CODE_SIGN_STYLE = Automatic;
				INFOPLIST_FILE = "IUE-Worksheet2UITests/Info.plist";
				LD_RUNPATH_SEARCH_PATHS = (
					"$(inherited)",
					"@executable_path/Frameworks",
					"@loader_path/Frameworks",
				);
				PRODUCT_BUNDLE_IDENTIFIER = "IUE-Worksheet2.IUE-Worksheet2UITests";
				PRODUCT_NAME = "$(TARGET_NAME)";
				SWIFT_VERSION = 5.0;
				TARGETED_DEVICE_FAMILY = "1,2";
				TEST_TARGET_NAME = "IUE-Worksheet2";
			};
			name = Debug;
		};
		2C95D447233BE8EF004595B7 /* Release */ = {
			isa = XCBuildConfiguration;
			buildSettings = {
				ALWAYS_EMBED_SWIFT_STANDARD_LIBRARIES = YES;
				CODE_SIGN_STYLE = Automatic;
				INFOPLIST_FILE = "IUE-Worksheet2UITests/Info.plist";
				LD_RUNPATH_SEARCH_PATHS = (
					"$(inherited)",
					"@executable_path/Frameworks",
					"@loader_path/Frameworks",
				);
				PRODUCT_BUNDLE_IDENTIFIER = "IUE-Worksheet2.IUE-Worksheet2UITests";
				PRODUCT_NAME = "$(TARGET_NAME)";
				SWIFT_VERSION = 5.0;
				TARGETED_DEVICE_FAMILY = "1,2";
				TEST_TARGET_NAME = "IUE-Worksheet2";
			};
			name = Release;
		};
/* End XCBuildConfiguration section */

/* Begin XCConfigurationList section */
		2C95D410233BE8ED004595B7 /* Build configuration list for PBXProject "IUE-Worksheet2" */ = {
			isa = XCConfigurationList;
			buildConfigurations = (
				2C95D43D233BE8EF004595B7 /* Debug */,
				2C95D43E233BE8EF004595B7 /* Release */,
			);
			defaultConfigurationIsVisible = 0;
			defaultConfigurationName = Release;
		};
		2C95D43F233BE8EF004595B7 /* Build configuration list for PBXNativeTarget "IUE-Worksheet2" */ = {
			isa = XCConfigurationList;
			buildConfigurations = (
				2C95D440233BE8EF004595B7 /* Debug */,
				2C95D441233BE8EF004595B7 /* Release */,
			);
			defaultConfigurationIsVisible = 0;
			defaultConfigurationName = Release;
		};
		2C95D442233BE8EF004595B7 /* Build configuration list for PBXNativeTarget "IUE-Worksheet2Tests" */ = {
			isa = XCConfigurationList;
			buildConfigurations = (
				2C95D443233BE8EF004595B7 /* Debug */,
				2C95D444233BE8EF004595B7 /* Release */,
			);
			defaultConfigurationIsVisible = 0;
			defaultConfigurationName = Release;
		};
		2C95D445233BE8EF004595B7 /* Build configuration list for PBXNativeTarget "IUE-Worksheet2UITests" */ = {
			isa = XCConfigurationList;
			buildConfigurations = (
				2C95D446233BE8EF004595B7 /* Debug */,
				2C95D447233BE8EF004595B7 /* Release */,
			);
			defaultConfigurationIsVisible = 0;
			defaultConfigurationName = Release;
		};
/* End XCConfigurationList section */
	};
	rootObject = 2C95D40D233BE8ED004595B7 /* Project object */;
}
